
Microsoft Visual Studio Solution File, Format Version 12.00
# Visual Studio Version 17
VisualStudioVersion = 17.0.31903.59
MinimumVisualStudioVersion = 10.0.40219.1
Project("{FAE04EC0-301F-11D3-BF4B-00C04F79EFBC}") = "190625EstudianteEmpleado", "190625EstudianteEmpleado\190625EstudianteEmpleado.csproj", "{86910EE1-FBEA-44C8-85CC-557E3BFDF879}"
EndProject
Project("{FAE04EC0-301F-11D3-BF4B-00C04F79EFBC}") = "190625Logger", "190625Logger\190625Logger.csproj", "{5F58A16D-FC8E-4A74-8E17-B2F691A0BC3A}"
EndProject
Project("{FAE04EC0-301F-11D3-BF4B-00C04F79EFBC}") = "190701Palindrome", "190701Palindrome\190701Palindrome.csproj", "{E5CB83B3-C1C7-455A-A16C-567B4E5D4964}"
EndProject
Project("{FAE04EC0-301F-11D3-BF4B-00C04F79EFBC}") = "190701TextNumberInput", "190701TextNumberInput\190701TextNumberInput.csproj", "{73680589-6CE6-406D-ADF3-A6129A89CB2C}"
EndProject
Project("{FAE04EC0-301F-11D3-BF4B-00C04F79EFBC}") = "190730PilaGenerica", "190730PilaGenerica\190730PilaGenerica.csproj", "{C21C31EE-9571-43CE-AE5A-65591CF38350}"
EndProject
Project("{FAE04EC0-301F-11D3-BF4B-00C04F79EFBC}") = "190730SaludoEquipo", "190730SaludoEquipo\190730SaludoEquipo.csproj", "{C8C6F78A-019C-40A4-826F-2D200F84ACE8}"
EndProject
Project("{FAE04EC0-301F-11D3-BF4B-00C04F79EFBC}") = "190813Bubblesort", "190813Bubblesort\190813Bubblesort.csproj", "{357A57EB-50BE-4E79-8C0C-B72837625D3F}"
EndProject
Project("{FAE04EC0-301F-11D3-BF4B-00C04F79EFBC}") = "190813Delegates", "190813Delegates\190813Delegates.csproj", "{C303A192-0B37-424A-84E5-D5C5988FF5A1}"
EndProject
Project("{FAE04EC0-301F-11D3-BF4B-00C04F79EFBC}") = "190813MetodoGenerico", "190813MetodoGenerico\190813MetodoGenerico.csproj", "{3C0D16A3-C8A5-46C4-B842-378A3ACA7B4B}"
EndProject
Project("{FAE04EC0-301F-11D3-BF4B-00C04F79EFBC}") = "190815TDD", "190815TDD\190815TDD.csproj", "{8C377F11-44F2-4AD4-9CA3-583F6CB4B44F}"
EndProject
Project("{FAE04EC0-301F-11D3-BF4B-00C04F79EFBC}") = "190815TDDUnitTest", "190815TDDUnitTest\190815TDDUnitTest.csproj", "{1026974C-C042-469C-84F8-9B7C60442E46}"
EndProject
Project("{FAE04EC0-301F-11D3-BF4B-00C04F79EFBC}") = "190820ElvisAndNullCoalescing", "190820ElvisAndNullCoalescing\190820ElvisAndNullCoalescing.csproj", "{CA9BD20C-DB69-46F1-B638-681045E11427}"
EndProject
Project("{FAE04EC0-301F-11D3-BF4B-00C04F79EFBC}") = "190820EventsPassingArgs", "190820EventsPassingArgs\190820EventsPassingArgs.csproj", "{929B5B1E-9114-4B3D-9964-5989EDACA09B}"
EndProject
Project("{FAE04EC0-301F-11D3-BF4B-00C04F79EFBC}") = "190820EventsWithActions", "190820EventsWithActions\190820EventsWithActions.csproj", "{28AAF591-1D4E-4927-849B-B67B9268302D}"
EndProject
Project("{FAE04EC0-301F-11D3-BF4B-00C04F79EFBC}") = "190820EventsWithDelegates", "190820EventsWithDelegates\190820EventsWithDelegates.csproj", "{0D034EFB-1A0F-455E-B41C-9A91EB77AB67}"
EndProject
Project("{FAE04EC0-301F-11D3-BF4B-00C04F79EFBC}") = "190820EventsWithEventHandler", "190820EventsWithEventHandler\190820EventsWithEventHandler.csproj", "{C02D986F-6C37-4727-BA4C-21945E01E3E2}"
EndProject
Project("{FAE04EC0-301F-11D3-BF4B-00C04F79EFBC}") = "190820Lottery", "190820Lottery\190820Lottery.csproj", "{05B9C01F-8707-4BC5-AF74-50AEB7800A98}"
EndProject
Project("{FAE04EC0-301F-11D3-BF4B-00C04F79EFBC}") = "190827ParImparLambda", "190827ParImparLambda\190827ParImparLambda.csproj", "{700C1547-00CB-4B65-BD96-639855966FF2}"
EndProject
Project("{FAE04EC0-301F-11D3-BF4B-00C04F79EFBC}") = "190828Power", "190828Power\190828Power.csproj", "{D5A824EF-5DB5-4955-BEF5-B28D53B07512}"
EndProject
Global
	GlobalSection(SolutionConfigurationPlatforms) = preSolution
		Debug|Any CPU = Debug|Any CPU
		Release|Any CPU = Release|Any CPU
	EndGlobalSection
	GlobalSection(SolutionProperties) = preSolution
		HideSolutionNode = FALSE
	EndGlobalSection
	GlobalSection(ProjectConfigurationPlatforms) = postSolution
		{86910EE1-FBEA-44C8-85CC-557E3BFDF879}.Debug|Any CPU.ActiveCfg = Debug|Any CPU
		{86910EE1-FBEA-44C8-85CC-557E3BFDF879}.Debug|Any CPU.Build.0 = Debug|Any CPU
		{86910EE1-FBEA-44C8-85CC-557E3BFDF879}.Release|Any CPU.ActiveCfg = Release|Any CPU
		{86910EE1-FBEA-44C8-85CC-557E3BFDF879}.Release|Any CPU.Build.0 = Release|Any CPU
		{5F58A16D-FC8E-4A74-8E17-B2F691A0BC3A}.Debug|Any CPU.ActiveCfg = Debug|Any CPU
		{5F58A16D-FC8E-4A74-8E17-B2F691A0BC3A}.Debug|Any CPU.Build.0 = Debug|Any CPU
		{5F58A16D-FC8E-4A74-8E17-B2F691A0BC3A}.Release|Any CPU.ActiveCfg = Release|Any CPU
		{5F58A16D-FC8E-4A74-8E17-B2F691A0BC3A}.Release|Any CPU.Build.0 = Release|Any CPU
		{E5CB83B3-C1C7-455A-A16C-567B4E5D4964}.Debug|Any CPU.ActiveCfg = Debug|Any CPU
		{E5CB83B3-C1C7-455A-A16C-567B4E5D4964}.Debug|Any CPU.Build.0 = Debug|Any CPU
		{E5CB83B3-C1C7-455A-A16C-567B4E5D4964}.Release|Any CPU.ActiveCfg = Release|Any CPU
		{E5CB83B3-C1C7-455A-A16C-567B4E5D4964}.Release|Any CPU.Build.0 = Release|Any CPU
		{73680589-6CE6-406D-ADF3-A6129A89CB2C}.Debug|Any CPU.ActiveCfg = Debug|Any CPU
		{73680589-6CE6-406D-ADF3-A6129A89CB2C}.Debug|Any CPU.Build.0 = Debug|Any CPU
		{73680589-6CE6-406D-ADF3-A6129A89CB2C}.Release|Any CPU.ActiveCfg = Release|Any CPU
		{73680589-6CE6-406D-ADF3-A6129A89CB2C}.Release|Any CPU.Build.0 = Release|Any CPU
		{C21C31EE-9571-43CE-AE5A-65591CF38350}.Debug|Any CPU.ActiveCfg = Debug|Any CPU
		{C21C31EE-9571-43CE-AE5A-65591CF38350}.Debug|Any CPU.Build.0 = Debug|Any CPU
		{C21C31EE-9571-43CE-AE5A-65591CF38350}.Release|Any CPU.ActiveCfg = Release|Any CPU
		{C21C31EE-9571-43CE-AE5A-65591CF38350}.Release|Any CPU.Build.0 = Release|Any CPU
		{C8C6F78A-019C-40A4-826F-2D200F84ACE8}.Debug|Any CPU.ActiveCfg = Debug|Any CPU
		{C8C6F78A-019C-40A4-826F-2D200F84ACE8}.Debug|Any CPU.Build.0 = Debug|Any CPU
		{C8C6F78A-019C-40A4-826F-2D200F84ACE8}.Release|Any CPU.ActiveCfg = Release|Any CPU
		{C8C6F78A-019C-40A4-826F-2D200F84ACE8}.Release|Any CPU.Build.0 = Release|Any CPU
		{357A57EB-50BE-4E79-8C0C-B72837625D3F}.Debug|Any CPU.ActiveCfg = Debug|Any CPU
		{357A57EB-50BE-4E79-8C0C-B72837625D3F}.Debug|Any CPU.Build.0 = Debug|Any CPU
		{357A57EB-50BE-4E79-8C0C-B72837625D3F}.Release|Any CPU.ActiveCfg = Release|Any CPU
		{357A57EB-50BE-4E79-8C0C-B72837625D3F}.Release|Any CPU.Build.0 = Release|Any CPU
		{C303A192-0B37-424A-84E5-D5C5988FF5A1}.Debug|Any CPU.ActiveCfg = Debug|Any CPU
		{C303A192-0B37-424A-84E5-D5C5988FF5A1}.Debug|Any CPU.Build.0 = Debug|Any CPU
		{C303A192-0B37-424A-84E5-D5C5988FF5A1}.Release|Any CPU.ActiveCfg = Release|Any CPU
		{C303A192-0B37-424A-84E5-D5C5988FF5A1}.Release|Any CPU.Build.0 = Release|Any CPU
		{3C0D16A3-C8A5-46C4-B842-378A3ACA7B4B}.Debug|Any CPU.ActiveCfg = Debug|Any CPU
		{3C0D16A3-C8A5-46C4-B842-378A3ACA7B4B}.Debug|Any CPU.Build.0 = Debug|Any CPU
		{3C0D16A3-C8A5-46C4-B842-378A3ACA7B4B}.Release|Any CPU.ActiveCfg = Release|Any CPU
		{3C0D16A3-C8A5-46C4-B842-378A3ACA7B4B}.Release|Any CPU.Build.0 = Release|Any CPU
		{8C377F11-44F2-4AD4-9CA3-583F6CB4B44F}.Debug|Any CPU.ActiveCfg = Debug|Any CPU
		{8C377F11-44F2-4AD4-9CA3-583F6CB4B44F}.Debug|Any CPU.Build.0 = Debug|Any CPU
		{8C377F11-44F2-4AD4-9CA3-583F6CB4B44F}.Release|Any CPU.ActiveCfg = Release|Any CPU
		{8C377F11-44F2-4AD4-9CA3-583F6CB4B44F}.Release|Any CPU.Build.0 = Release|Any CPU
		{1026974C-C042-469C-84F8-9B7C60442E46}.Debug|Any CPU.ActiveCfg = Debug|Any CPU
		{1026974C-C042-469C-84F8-9B7C60442E46}.Debug|Any CPU.Build.0 = Debug|Any CPU
		{1026974C-C042-469C-84F8-9B7C60442E46}.Release|Any CPU.ActiveCfg = Release|Any CPU
		{1026974C-C042-469C-84F8-9B7C60442E46}.Release|Any CPU.Build.0 = Release|Any CPU
		{CA9BD20C-DB69-46F1-B638-681045E11427}.Debug|Any CPU.ActiveCfg = Debug|Any CPU
		{CA9BD20C-DB69-46F1-B638-681045E11427}.Debug|Any CPU.Build.0 = Debug|Any CPU
		{CA9BD20C-DB69-46F1-B638-681045E11427}.Release|Any CPU.ActiveCfg = Release|Any CPU
		{CA9BD20C-DB69-46F1-B638-681045E11427}.Release|Any CPU.Build.0 = Release|Any CPU
		{929B5B1E-9114-4B3D-9964-5989EDACA09B}.Debug|Any CPU.ActiveCfg = Debug|Any CPU
		{929B5B1E-9114-4B3D-9964-5989EDACA09B}.Debug|Any CPU.Build.0 = Debug|Any CPU
		{929B5B1E-9114-4B3D-9964-5989EDACA09B}.Release|Any CPU.ActiveCfg = Release|Any CPU
		{929B5B1E-9114-4B3D-9964-5989EDACA09B}.Release|Any CPU.Build.0 = Release|Any CPU
		{28AAF591-1D4E-4927-849B-B67B9268302D}.Debug|Any CPU.ActiveCfg = Debug|Any CPU
		{28AAF591-1D4E-4927-849B-B67B9268302D}.Debug|Any CPU.Build.0 = Debug|Any CPU
		{28AAF591-1D4E-4927-849B-B67B9268302D}.Release|Any CPU.ActiveCfg = Release|Any CPU
		{28AAF591-1D4E-4927-849B-B67B9268302D}.Release|Any CPU.Build.0 = Release|Any CPU
		{0D034EFB-1A0F-455E-B41C-9A91EB77AB67}.Debug|Any CPU.ActiveCfg = Debug|Any CPU
		{0D034EFB-1A0F-455E-B41C-9A91EB77AB67}.Debug|Any CPU.Build.0 = Debug|Any CPU
		{0D034EFB-1A0F-455E-B41C-9A91EB77AB67}.Release|Any CPU.ActiveCfg = Release|Any CPU
		{0D034EFB-1A0F-455E-B41C-9A91EB77AB67}.Release|Any CPU.Build.0 = Release|Any CPU
		{C02D986F-6C37-4727-BA4C-21945E01E3E2}.Debug|Any CPU.ActiveCfg = Debug|Any CPU
		{C02D986F-6C37-4727-BA4C-21945E01E3E2}.Debug|Any CPU.Build.0 = Debug|Any CPU
		{C02D986F-6C37-4727-BA4C-21945E01E3E2}.Release|Any CPU.ActiveCfg = Release|Any CPU
		{C02D986F-6C37-4727-BA4C-21945E01E3E2}.Release|Any CPU.Build.0 = Release|Any CPU
		{05B9C01F-8707-4BC5-AF74-50AEB7800A98}.Debug|Any CPU.ActiveCfg = Debug|Any CPU
		{05B9C01F-8707-4BC5-AF74-50AEB7800A98}.Debug|Any CPU.Build.0 = Debug|Any CPU
		{05B9C01F-8707-4BC5-AF74-50AEB7800A98}.Release|Any CPU.ActiveCfg = Release|Any CPU
		{05B9C01F-8707-4BC5-AF74-50AEB7800A98}.Release|Any CPU.Build.0 = Release|Any CPU
		{700C1547-00CB-4B65-BD96-639855966FF2}.Debug|Any CPU.ActiveCfg = Debug|Any CPU
		{700C1547-00CB-4B65-BD96-639855966FF2}.Debug|Any CPU.Build.0 = Debug|Any CPU
		{700C1547-00CB-4B65-BD96-639855966FF2}.Release|Any CPU.ActiveCfg = Release|Any CPU
		{700C1547-00CB-4B65-BD96-639855966FF2}.Release|Any CPU.Build.0 = Release|Any CPU
		{D5A824EF-5DB5-4955-BEF5-B28D53B07512}.Debug|Any CPU.ActiveCfg = Debug|Any CPU
		{D5A824EF-5DB5-4955-BEF5-B28D53B07512}.Debug|Any CPU.Build.0 = Debug|Any CPU
		{D5A824EF-5DB5-4955-BEF5-B28D53B07512}.Release|Any CPU.ActiveCfg = Release|Any CPU
		{D5A824EF-5DB5-4955-BEF5-B28D53B07512}.Release|Any CPU.Build.0 = Release|Any CPU
	EndGlobalSection
EndGlobal
