
Microsoft Visual Studio Solution File, Format Version 12.00
# Visual Studio Version 17
VisualStudioVersion = 17.0.31903.59
MinimumVisualStudioVersion = 10.0.40219.1
Project("{FAE04EC0-301F-11D3-BF4B-00C04F79EFBC}") = "Application", "Application\Application.csproj", "{1EB4CD11-5A60-4D88-B81B-0545703AB0B1}"
EndProject
Project("{FAE04EC0-301F-11D3-BF4B-00C04F79EFBC}") = "Consumer", "Consumer\Consumer.csproj", "{6C80DC47-F4DB-4266-B2D3-F55B823F3E59}"
EndProject
Project("{FAE04EC0-301F-11D3-BF4B-00C04F79EFBC}") = "Mapper", "Mapper\Mapper.csproj", "{1360986A-A8FF-457F-94DB-1955D40BDBED}"
EndProject
Global
	GlobalSection(SolutionConfigurationPlatforms) = preSolution
		Debug|Any CPU = Debug|Any CPU
		Release|Any CPU = Release|Any CPU
	EndGlobalSection
	GlobalSection(SolutionProperties) = preSolution
		HideSolutionNode = FALSE
	EndGlobalSection
	GlobalSection(ProjectConfigurationPlatforms) = postSolution
		{1EB4CD11-5A60-4D88-B81B-0545703AB0B1}.Debug|Any CPU.ActiveCfg = Debug|Any CPU
		{1EB4CD11-5A60-4D88-B81B-0545703AB0B1}.Debug|Any CPU.Build.0 = Debug|Any CPU
		{1EB4CD11-5A60-4D88-B81B-0545703AB0B1}.Release|Any CPU.ActiveCfg = Release|Any CPU
		{1EB4CD11-5A60-4D88-B81B-0545703AB0B1}.Release|Any CPU.Build.0 = Release|Any CPU
		{6C80DC47-F4DB-4266-B2D3-F55B823F3E59}.Debug|Any CPU.ActiveCfg = Debug|Any CPU
		{6C80DC47-F4DB-4266-B2D3-F55B823F3E59}.Debug|Any CPU.Build.0 = Debug|Any CPU
		{6C80DC47-F4DB-4266-B2D3-F55B823F3E59}.Release|Any CPU.ActiveCfg = Release|Any CPU
		{6C80DC47-F4DB-4266-B2D3-F55B823F3E59}.Release|Any CPU.Build.0 = Release|Any CPU
		{1360986A-A8FF-457F-94DB-1955D40BDBED}.Debug|Any CPU.ActiveCfg = Debug|Any CPU
		{1360986A-A8FF-457F-94DB-1955D40BDBED}.Debug|Any CPU.Build.0 = Debug|Any CPU
		{1360986A-A8FF-457F-94DB-1955D40BDBED}.Release|Any CPU.ActiveCfg = Release|Any CPU
		{1360986A-A8FF-457F-94DB-1955D40BDBED}.Release|Any CPU.Build.0 = Release|Any CPU
	EndGlobalSection
EndGlobal
